
Microsoft Visual Studio Solution File, Format Version 12.00
# Visual Studio Version 17
VisualStudioVersion = 17.3.32929.385
MinimumVisualStudioVersion = 10.0.40219.1
Project("{FAE04EC0-301F-11D3-BF4B-00C04F79EFBC}") = "TabelaProdutos", "TabelaProdutos\TabelaProdutos.csproj", "{308D31E4-F776-4B51-A811-673038BB8E5D}"
EndProject
Global
	GlobalSection(SolutionConfigurationPlatforms) = preSolution
		Debug|Any CPU = Debug|Any CPU
		Release|Any CPU = Release|Any CPU
	EndGlobalSection
	GlobalSection(ProjectConfigurationPlatforms) = postSolution
		{308D31E4-F776-4B51-A811-673038BB8E5D}.Debug|Any CPU.ActiveCfg = Debug|Any CPU
		{308D31E4-F776-4B51-A811-673038BB8E5D}.Debug|Any CPU.Build.0 = Debug|Any CPU
		{308D31E4-F776-4B51-A811-673038BB8E5D}.Release|Any CPU.ActiveCfg = Release|Any CPU
		{308D31E4-F776-4B51-A811-673038BB8E5D}.Release|Any CPU.Build.0 = Release|Any CPU
	EndGlobalSection
	GlobalSection(SolutionProperties) = preSolution
		HideSolutionNode = FALSE
	EndGlobalSection
	GlobalSection(ExtensibilityGlobals) = postSolution
		SolutionGuid = {803E0A1A-3AD0-495B-9095-9129A24F1FC1}
	EndGlobalSection
EndGlobal
